
Microsoft Visual Studio Solution File, Format Version 12.00
# Visual Studio Version 17
VisualStudioVersion = 17.13.35931.197 d17.13
MinimumVisualStudioVersion = 10.0.40219.1
Project("{FAE04EC0-301F-11D3-BF4B-00C04F79EFBC}") = "InformatikaiRendszer", "InformatikaiRendszer.csproj", "{D935F8F8-7A56-4182-82D6-048B0AAF025A}"
EndProject
Global
	GlobalSection(SolutionConfigurationPlatforms) = preSolution
		Debug|Any CPU = Debug|Any CPU
		Release|Any CPU = Release|Any CPU
	EndGlobalSection
	GlobalSection(ProjectConfigurationPlatforms) = postSolution
		{D935F8F8-7A56-4182-82D6-048B0AAF025A}.Debug|Any CPU.ActiveCfg = Debug|Any CPU
		{D935F8F8-7A56-4182-82D6-048B0AAF025A}.Debug|Any CPU.Build.0 = Debug|Any CPU
		{D935F8F8-7A56-4182-82D6-048B0AAF025A}.Release|Any CPU.ActiveCfg = Release|Any CPU
		{D935F8F8-7A56-4182-82D6-048B0AAF025A}.Release|Any CPU.Build.0 = Release|Any CPU
	EndGlobalSection
	GlobalSection(SolutionProperties) = preSolution
		HideSolutionNode = FALSE
	EndGlobalSection
	GlobalSection(ExtensibilityGlobals) = postSolution
		SolutionGuid = {11E9DFA7-2EAC-4327-AB87-FA6CFDBCE591}
	EndGlobalSection
EndGlobal
